
Microsoft Visual Studio Solution File, Format Version 12.00
# Visual Studio Version 16
VisualStudioVersion = 16.0.30804.86
MinimumVisualStudioVersion = 10.0.40219.1
Project("{9A19103F-16F7-4668-BE54-9A1E7A4F7556}") = "DMPLogin", "DMPLogin.csproj", "{FC78E3F8-7638-43CA-BD61-275F809EAA47}"
EndProject
Global
	GlobalSection(SolutionConfigurationPlatforms) = preSolution
		Debug|Any CPU = Debug|Any CPU
		Release|Any CPU = Release|Any CPU
	EndGlobalSection
	GlobalSection(ProjectConfigurationPlatforms) = postSolution
		{FC78E3F8-7638-43CA-BD61-275F809EAA47}.Debug|Any CPU.ActiveCfg = Debug|Any CPU
		{FC78E3F8-7638-43CA-BD61-275F809EAA47}.Debug|Any CPU.Build.0 = Debug|Any CPU
		{FC78E3F8-7638-43CA-BD61-275F809EAA47}.Release|Any CPU.ActiveCfg = Release|Any CPU
		{FC78E3F8-7638-43CA-BD61-275F809EAA47}.Release|Any CPU.Build.0 = Release|Any CPU
	EndGlobalSection
	GlobalSection(SolutionProperties) = preSolution
		HideSolutionNode = FALSE
	EndGlobalSection
	GlobalSection(ExtensibilityGlobals) = postSolution
		SolutionGuid = {56E28278-D300-4B24-BE22-B834975427E8}
	EndGlobalSection
EndGlobal
